
Microsoft Visual Studio Solution File, Format Version 12.00
# Visual Studio Version 17
VisualStudioVersion = 17.4.33122.133
MinimumVisualStudioVersion = 10.0.40219.1
Project("{9A19103F-16F7-4668-BE54-9A1E7A4F7556}") = "SubLink", "SubLink\SubLink.csproj", "{07593963-55BE-424A-ADD2-86351514654B}"
EndProject
Project("{9A19103F-16F7-4668-BE54-9A1E7A4F7556}") = "SubLink.References", "SubLink.References\SubLink.References.csproj", "{F2DA8218-C460-4FB4-B938-8F693AE197C5}"
EndProject
Project("{9A19103F-16F7-4668-BE54-9A1E7A4F7556}") = "SubLink.Twitch", "SubLink.Twitch\SubLink.Twitch.csproj", "{0E5CF4B0-4230-4648-B8D1-1CF2B8F5CC84}"
EndProject
Project("{9A19103F-16F7-4668-BE54-9A1E7A4F7556}") = "SubLink.Fansly", "SubLink.Fansly\SubLink.Fansly.csproj", "{31531B5B-A94C-456E-92F1-416D5C7C42AB}"
EndProject
Project("{9A19103F-16F7-4668-BE54-9A1E7A4F7556}") = "SubLink.Kick", "SubLink.Kick\SubLink.Kick.csproj", "{9838341E-2451-4B9B-BB63-98DF44F8E469}"
EndProject
Project("{9A19103F-16F7-4668-BE54-9A1E7A4F7556}") = "SubLink.StreamElements", "SubLink.StreamElements\SubLink.StreamElements.csproj", "{CBC1B8DE-F8D4-4909-8AAD-5F7F60581600}"
EndProject
Project("{9A19103F-16F7-4668-BE54-9A1E7A4F7556}") = "SubLink.Streampad", "SubLink.Streampad\SubLink.Streampad.csproj", "{8E5DE1DA-D237-40F2-9C6C-EAB65F594DC1}"
EndProject
Project("{FAE04EC0-301F-11D3-BF4B-00C04F79EFBC}") = "SubLink.OBS", "SubLink.OBS\SubLink.OBS.csproj", "{70BE574E-85F3-D717-9D6C-67F0AEEDA81A}"
EndProject
Project("{FAE04EC0-301F-11D3-BF4B-00C04F79EFBC}") = "SubLink.OpenShock", "SubLink.OpenShock\SubLink.OpenShock.csproj", "{FC545D6D-A6A4-258A-04E3-379F183E04E4}"
EndProject
Global
	GlobalSection(SolutionConfigurationPlatforms) = preSolution
		Debug|Any CPU = Debug|Any CPU
		Release|Any CPU = Release|Any CPU
	EndGlobalSection
	GlobalSection(ProjectConfigurationPlatforms) = postSolution
		{07593963-55BE-424A-ADD2-86351514654B}.Debug|Any CPU.ActiveCfg = Debug|Any CPU
		{07593963-55BE-424A-ADD2-86351514654B}.Debug|Any CPU.Build.0 = Debug|Any CPU
		{07593963-55BE-424A-ADD2-86351514654B}.Release|Any CPU.ActiveCfg = Release|Any CPU
		{07593963-55BE-424A-ADD2-86351514654B}.Release|Any CPU.Build.0 = Release|Any CPU
		{F2DA8218-C460-4FB4-B938-8F693AE197C5}.Debug|Any CPU.ActiveCfg = Debug|Any CPU
		{F2DA8218-C460-4FB4-B938-8F693AE197C5}.Debug|Any CPU.Build.0 = Debug|Any CPU
		{F2DA8218-C460-4FB4-B938-8F693AE197C5}.Release|Any CPU.ActiveCfg = Release|Any CPU
		{F2DA8218-C460-4FB4-B938-8F693AE197C5}.Release|Any CPU.Build.0 = Release|Any CPU
		{0E5CF4B0-4230-4648-B8D1-1CF2B8F5CC84}.Debug|Any CPU.ActiveCfg = Debug|Any CPU
		{0E5CF4B0-4230-4648-B8D1-1CF2B8F5CC84}.Debug|Any CPU.Build.0 = Debug|Any CPU
		{0E5CF4B0-4230-4648-B8D1-1CF2B8F5CC84}.Release|Any CPU.ActiveCfg = Release|Any CPU
		{0E5CF4B0-4230-4648-B8D1-1CF2B8F5CC84}.Release|Any CPU.Build.0 = Release|Any CPU
		{31531B5B-A94C-456E-92F1-416D5C7C42AB}.Debug|Any CPU.ActiveCfg = Debug|Any CPU
		{31531B5B-A94C-456E-92F1-416D5C7C42AB}.Debug|Any CPU.Build.0 = Debug|Any CPU
		{31531B5B-A94C-456E-92F1-416D5C7C42AB}.Release|Any CPU.ActiveCfg = Release|Any CPU
		{31531B5B-A94C-456E-92F1-416D5C7C42AB}.Release|Any CPU.Build.0 = Release|Any CPU
		{9838341E-2451-4B9B-BB63-98DF44F8E469}.Debug|Any CPU.ActiveCfg = Debug|Any CPU
		{9838341E-2451-4B9B-BB63-98DF44F8E469}.Debug|Any CPU.Build.0 = Debug|Any CPU
		{9838341E-2451-4B9B-BB63-98DF44F8E469}.Release|Any CPU.ActiveCfg = Release|Any CPU
		{9838341E-2451-4B9B-BB63-98DF44F8E469}.Release|Any CPU.Build.0 = Release|Any CPU
		{CBC1B8DE-F8D4-4909-8AAD-5F7F60581600}.Debug|Any CPU.ActiveCfg = Debug|Any CPU
		{CBC1B8DE-F8D4-4909-8AAD-5F7F60581600}.Debug|Any CPU.Build.0 = Debug|Any CPU
		{CBC1B8DE-F8D4-4909-8AAD-5F7F60581600}.Release|Any CPU.ActiveCfg = Release|Any CPU
		{CBC1B8DE-F8D4-4909-8AAD-5F7F60581600}.Release|Any CPU.Build.0 = Release|Any CPU
		{8E5DE1DA-D237-40F2-9C6C-EAB65F594DC1}.Debug|Any CPU.ActiveCfg = Debug|Any CPU
		{8E5DE1DA-D237-40F2-9C6C-EAB65F594DC1}.Debug|Any CPU.Build.0 = Debug|Any CPU
		{8E5DE1DA-D237-40F2-9C6C-EAB65F594DC1}.Release|Any CPU.ActiveCfg = Release|Any CPU
		{8E5DE1DA-D237-40F2-9C6C-EAB65F594DC1}.Release|Any CPU.Build.0 = Release|Any CPU
		{70BE574E-85F3-D717-9D6C-67F0AEEDA81A}.Debug|Any CPU.ActiveCfg = Debug|Any CPU
		{70BE574E-85F3-D717-9D6C-67F0AEEDA81A}.Debug|Any CPU.Build.0 = Debug|Any CPU
		{70BE574E-85F3-D717-9D6C-67F0AEEDA81A}.Release|Any CPU.ActiveCfg = Release|Any CPU
		{70BE574E-85F3-D717-9D6C-67F0AEEDA81A}.Release|Any CPU.Build.0 = Release|Any CPU
		{FC545D6D-A6A4-258A-04E3-379F183E04E4}.Debug|Any CPU.ActiveCfg = Debug|Any CPU
		{FC545D6D-A6A4-258A-04E3-379F183E04E4}.Debug|Any CPU.Build.0 = Debug|Any CPU
		{FC545D6D-A6A4-258A-04E3-379F183E04E4}.Release|Any CPU.ActiveCfg = Release|Any CPU
		{FC545D6D-A6A4-258A-04E3-379F183E04E4}.Release|Any CPU.Build.0 = Release|Any CPU
	EndGlobalSection
	GlobalSection(SolutionProperties) = preSolution
		HideSolutionNode = FALSE
	EndGlobalSection
	GlobalSection(ExtensibilityGlobals) = postSolution
		SolutionGuid = {04F8A439-F9DE-46CD-ABC2-7FDC5F7532AA}
	EndGlobalSection
EndGlobal
