
Microsoft Visual Studio Solution File, Format Version 12.00
# Visual Studio Version 17
VisualStudioVersion = 17.4.33213.308
MinimumVisualStudioVersion = 10.0.40219.1
Project("{9A19103F-16F7-4668-BE54-9A1E7A4F7556}") = "FlowGraph", "FlowGraph\FlowGraph.csproj", "{0ED00A56-CF81-4E97-A317-76547625773F}"
EndProject
Project("{9A19103F-16F7-4668-BE54-9A1E7A4F7556}") = "SubLinkConsole", "SubLinkConsole\SubLinkConsole.csproj", "{9F5E2BF9-13C4-4922-9285-9176D43A1AE1}"
EndProject
Project("{2150E333-8FDC-42A3-9474-1A3956D46DE8}") = "Controls", "Controls", "{8CAB07EA-8854-4FA0-9127-44B4A118BBF0}"
EndProject
Project("{9A19103F-16F7-4668-BE54-9A1E7A4F7556}") = "BaseNodes", "Controls\BaseNodes\BaseNodes.csproj", "{BEE1F445-2A9B-4179-9BC3-54A816DB3308}"
EndProject
Project("{9A19103F-16F7-4668-BE54-9A1E7A4F7556}") = "SubLinkEditor", "SubLinkEditor\SubLinkEditor.csproj", "{FD00075A-F1B6-40BF-B3CF-BADD610464EC}"
EndProject
Project("{FAE04EC0-301F-11D3-BF4B-00C04F79EFBC}") = "KickExtension", "Controls\KickExtension\KickExtension.csproj", "{CB78BDDF-7A0F-42CC-9C2F-384DCDDAB86D}"
EndProject
Global
	GlobalSection(SolutionConfigurationPlatforms) = preSolution
		Debug|Any CPU = Debug|Any CPU
		Debug|Mixed Platforms = Debug|Mixed Platforms
		Debug|x86 = Debug|x86
		Editor Debug|Any CPU = Editor Debug|Any CPU
		Editor Debug|Mixed Platforms = Editor Debug|Mixed Platforms
		Editor Debug|x86 = Editor Debug|x86
		Release|Any CPU = Release|Any CPU
		Release|Mixed Platforms = Release|Mixed Platforms
		Release|x86 = Release|x86
	EndGlobalSection
	GlobalSection(ProjectConfigurationPlatforms) = postSolution
		{0ED00A56-CF81-4E97-A317-76547625773F}.Debug|Any CPU.ActiveCfg = Debug|Any CPU
		{0ED00A56-CF81-4E97-A317-76547625773F}.Debug|Any CPU.Build.0 = Debug|Any CPU
		{0ED00A56-CF81-4E97-A317-76547625773F}.Debug|Mixed Platforms.ActiveCfg = Debug|Any CPU
		{0ED00A56-CF81-4E97-A317-76547625773F}.Debug|Mixed Platforms.Build.0 = Debug|Any CPU
		{0ED00A56-CF81-4E97-A317-76547625773F}.Debug|x86.ActiveCfg = Debug|Any CPU
		{0ED00A56-CF81-4E97-A317-76547625773F}.Debug|x86.Build.0 = Debug|Any CPU
		{0ED00A56-CF81-4E97-A317-76547625773F}.Editor Debug|Any CPU.ActiveCfg = Editor Debug|Any CPU
		{0ED00A56-CF81-4E97-A317-76547625773F}.Editor Debug|Any CPU.Build.0 = Editor Debug|Any CPU
		{0ED00A56-CF81-4E97-A317-76547625773F}.Editor Debug|Mixed Platforms.ActiveCfg = Editor Debug|Any CPU
		{0ED00A56-CF81-4E97-A317-76547625773F}.Editor Debug|Mixed Platforms.Build.0 = Editor Debug|Any CPU
		{0ED00A56-CF81-4E97-A317-76547625773F}.Editor Debug|x86.ActiveCfg = Editor Debug|Any CPU
		{0ED00A56-CF81-4E97-A317-76547625773F}.Editor Debug|x86.Build.0 = Editor Debug|Any CPU
		{0ED00A56-CF81-4E97-A317-76547625773F}.Release|Any CPU.ActiveCfg = Release|Any CPU
		{0ED00A56-CF81-4E97-A317-76547625773F}.Release|Any CPU.Build.0 = Release|Any CPU
		{0ED00A56-CF81-4E97-A317-76547625773F}.Release|Mixed Platforms.ActiveCfg = Release|Any CPU
		{0ED00A56-CF81-4E97-A317-76547625773F}.Release|Mixed Platforms.Build.0 = Release|Any CPU
		{0ED00A56-CF81-4E97-A317-76547625773F}.Release|x86.ActiveCfg = Release|Any CPU
		{0ED00A56-CF81-4E97-A317-76547625773F}.Release|x86.Build.0 = Release|Any CPU
		{9F5E2BF9-13C4-4922-9285-9176D43A1AE1}.Debug|Any CPU.ActiveCfg = Debug|Any CPU
		{9F5E2BF9-13C4-4922-9285-9176D43A1AE1}.Debug|Any CPU.Build.0 = Debug|Any CPU
		{9F5E2BF9-13C4-4922-9285-9176D43A1AE1}.Debug|Mixed Platforms.ActiveCfg = Debug|Any CPU
		{9F5E2BF9-13C4-4922-9285-9176D43A1AE1}.Debug|Mixed Platforms.Build.0 = Debug|Any CPU
		{9F5E2BF9-13C4-4922-9285-9176D43A1AE1}.Debug|x86.ActiveCfg = Debug|Any CPU
		{9F5E2BF9-13C4-4922-9285-9176D43A1AE1}.Debug|x86.Build.0 = Debug|Any CPU
		{9F5E2BF9-13C4-4922-9285-9176D43A1AE1}.Editor Debug|Any CPU.ActiveCfg = Debug|Any CPU
		{9F5E2BF9-13C4-4922-9285-9176D43A1AE1}.Editor Debug|Any CPU.Build.0 = Debug|Any CPU
		{9F5E2BF9-13C4-4922-9285-9176D43A1AE1}.Editor Debug|Mixed Platforms.ActiveCfg = Debug|Any CPU
		{9F5E2BF9-13C4-4922-9285-9176D43A1AE1}.Editor Debug|Mixed Platforms.Build.0 = Debug|Any CPU
		{9F5E2BF9-13C4-4922-9285-9176D43A1AE1}.Editor Debug|x86.ActiveCfg = Debug|Any CPU
		{9F5E2BF9-13C4-4922-9285-9176D43A1AE1}.Editor Debug|x86.Build.0 = Debug|Any CPU
		{9F5E2BF9-13C4-4922-9285-9176D43A1AE1}.Release|Any CPU.ActiveCfg = Release|Any CPU
		{9F5E2BF9-13C4-4922-9285-9176D43A1AE1}.Release|Any CPU.Build.0 = Release|Any CPU
		{9F5E2BF9-13C4-4922-9285-9176D43A1AE1}.Release|Mixed Platforms.ActiveCfg = Release|Any CPU
		{9F5E2BF9-13C4-4922-9285-9176D43A1AE1}.Release|Mixed Platforms.Build.0 = Release|Any CPU
		{9F5E2BF9-13C4-4922-9285-9176D43A1AE1}.Release|x86.ActiveCfg = Release|Any CPU
		{9F5E2BF9-13C4-4922-9285-9176D43A1AE1}.Release|x86.Build.0 = Release|Any CPU
		{BEE1F445-2A9B-4179-9BC3-54A816DB3308}.Debug|Any CPU.ActiveCfg = Debug|Any CPU
		{BEE1F445-2A9B-4179-9BC3-54A816DB3308}.Debug|Any CPU.Build.0 = Debug|Any CPU
		{BEE1F445-2A9B-4179-9BC3-54A816DB3308}.Debug|Mixed Platforms.ActiveCfg = Debug|Any CPU
		{BEE1F445-2A9B-4179-9BC3-54A816DB3308}.Debug|Mixed Platforms.Build.0 = Debug|Any CPU
		{BEE1F445-2A9B-4179-9BC3-54A816DB3308}.Debug|x86.ActiveCfg = Debug|Any CPU
		{BEE1F445-2A9B-4179-9BC3-54A816DB3308}.Debug|x86.Build.0 = Debug|Any CPU
		{BEE1F445-2A9B-4179-9BC3-54A816DB3308}.Editor Debug|Any CPU.ActiveCfg = Editor Debug|Any CPU
		{BEE1F445-2A9B-4179-9BC3-54A816DB3308}.Editor Debug|Any CPU.Build.0 = Editor Debug|Any CPU
		{BEE1F445-2A9B-4179-9BC3-54A816DB3308}.Editor Debug|Mixed Platforms.ActiveCfg = Editor Debug|Any CPU
		{BEE1F445-2A9B-4179-9BC3-54A816DB3308}.Editor Debug|Mixed Platforms.Build.0 = Editor Debug|Any CPU
		{BEE1F445-2A9B-4179-9BC3-54A816DB3308}.Editor Debug|x86.ActiveCfg = Editor Debug|Any CPU
		{BEE1F445-2A9B-4179-9BC3-54A816DB3308}.Editor Debug|x86.Build.0 = Editor Debug|Any CPU
		{BEE1F445-2A9B-4179-9BC3-54A816DB3308}.Release|Any CPU.ActiveCfg = Release|Any CPU
		{BEE1F445-2A9B-4179-9BC3-54A816DB3308}.Release|Any CPU.Build.0 = Release|Any CPU
		{BEE1F445-2A9B-4179-9BC3-54A816DB3308}.Release|Mixed Platforms.ActiveCfg = Release|Any CPU
		{BEE1F445-2A9B-4179-9BC3-54A816DB3308}.Release|Mixed Platforms.Build.0 = Release|Any CPU
		{BEE1F445-2A9B-4179-9BC3-54A816DB3308}.Release|x86.ActiveCfg = Release|Any CPU
		{BEE1F445-2A9B-4179-9BC3-54A816DB3308}.Release|x86.Build.0 = Release|Any CPU
		{FD00075A-F1B6-40BF-B3CF-BADD610464EC}.Debug|Any CPU.ActiveCfg = Debug|Any CPU
		{FD00075A-F1B6-40BF-B3CF-BADD610464EC}.Debug|Any CPU.Build.0 = Debug|Any CPU
		{FD00075A-F1B6-40BF-B3CF-BADD610464EC}.Debug|Mixed Platforms.ActiveCfg = Debug|Any CPU
		{FD00075A-F1B6-40BF-B3CF-BADD610464EC}.Debug|Mixed Platforms.Build.0 = Debug|Any CPU
		{FD00075A-F1B6-40BF-B3CF-BADD610464EC}.Debug|x86.ActiveCfg = Debug|Any CPU
		{FD00075A-F1B6-40BF-B3CF-BADD610464EC}.Debug|x86.Build.0 = Debug|Any CPU
		{FD00075A-F1B6-40BF-B3CF-BADD610464EC}.Editor Debug|Any CPU.ActiveCfg = Debug|Any CPU
		{FD00075A-F1B6-40BF-B3CF-BADD610464EC}.Editor Debug|Any CPU.Build.0 = Debug|Any CPU
		{FD00075A-F1B6-40BF-B3CF-BADD610464EC}.Editor Debug|Mixed Platforms.ActiveCfg = Debug|Any CPU
		{FD00075A-F1B6-40BF-B3CF-BADD610464EC}.Editor Debug|Mixed Platforms.Build.0 = Debug|Any CPU
		{FD00075A-F1B6-40BF-B3CF-BADD610464EC}.Editor Debug|x86.ActiveCfg = Debug|Any CPU
		{FD00075A-F1B6-40BF-B3CF-BADD610464EC}.Editor Debug|x86.Build.0 = Debug|Any CPU
		{FD00075A-F1B6-40BF-B3CF-BADD610464EC}.Release|Any CPU.ActiveCfg = Release|Any CPU
		{FD00075A-F1B6-40BF-B3CF-BADD610464EC}.Release|Any CPU.Build.0 = Release|Any CPU
		{FD00075A-F1B6-40BF-B3CF-BADD610464EC}.Release|Mixed Platforms.ActiveCfg = Release|Any CPU
		{FD00075A-F1B6-40BF-B3CF-BADD610464EC}.Release|Mixed Platforms.Build.0 = Release|Any CPU
		{FD00075A-F1B6-40BF-B3CF-BADD610464EC}.Release|x86.ActiveCfg = Release|Any CPU
		{FD00075A-F1B6-40BF-B3CF-BADD610464EC}.Release|x86.Build.0 = Release|Any CPU
		{CB78BDDF-7A0F-42CC-9C2F-384DCDDAB86D}.Debug|Any CPU.ActiveCfg = Debug|Any CPU
		{CB78BDDF-7A0F-42CC-9C2F-384DCDDAB86D}.Debug|Any CPU.Build.0 = Debug|Any CPU
		{CB78BDDF-7A0F-42CC-9C2F-384DCDDAB86D}.Debug|Mixed Platforms.ActiveCfg = Debug|Any CPU
		{CB78BDDF-7A0F-42CC-9C2F-384DCDDAB86D}.Debug|Mixed Platforms.Build.0 = Debug|Any CPU
		{CB78BDDF-7A0F-42CC-9C2F-384DCDDAB86D}.Debug|x86.ActiveCfg = Debug|Any CPU
		{CB78BDDF-7A0F-42CC-9C2F-384DCDDAB86D}.Debug|x86.Build.0 = Debug|Any CPU
		{CB78BDDF-7A0F-42CC-9C2F-384DCDDAB86D}.Editor Debug|Any CPU.ActiveCfg = Debug|Any CPU
		{CB78BDDF-7A0F-42CC-9C2F-384DCDDAB86D}.Editor Debug|Any CPU.Build.0 = Debug|Any CPU
		{CB78BDDF-7A0F-42CC-9C2F-384DCDDAB86D}.Editor Debug|Mixed Platforms.ActiveCfg = Debug|Any CPU
		{CB78BDDF-7A0F-42CC-9C2F-384DCDDAB86D}.Editor Debug|Mixed Platforms.Build.0 = Debug|Any CPU
		{CB78BDDF-7A0F-42CC-9C2F-384DCDDAB86D}.Editor Debug|x86.ActiveCfg = Debug|Any CPU
		{CB78BDDF-7A0F-42CC-9C2F-384DCDDAB86D}.Editor Debug|x86.Build.0 = Debug|Any CPU
		{CB78BDDF-7A0F-42CC-9C2F-384DCDDAB86D}.Release|Any CPU.ActiveCfg = Release|Any CPU
		{CB78BDDF-7A0F-42CC-9C2F-384DCDDAB86D}.Release|Any CPU.Build.0 = Release|Any CPU
		{CB78BDDF-7A0F-42CC-9C2F-384DCDDAB86D}.Release|Mixed Platforms.ActiveCfg = Release|Any CPU
		{CB78BDDF-7A0F-42CC-9C2F-384DCDDAB86D}.Release|Mixed Platforms.Build.0 = Release|Any CPU
		{CB78BDDF-7A0F-42CC-9C2F-384DCDDAB86D}.Release|x86.ActiveCfg = Release|Any CPU
		{CB78BDDF-7A0F-42CC-9C2F-384DCDDAB86D}.Release|x86.Build.0 = Release|Any CPU
	EndGlobalSection
	GlobalSection(SolutionProperties) = preSolution
		HideSolutionNode = FALSE
	EndGlobalSection
	GlobalSection(NestedProjects) = preSolution
		{BEE1F445-2A9B-4179-9BC3-54A816DB3308} = {8CAB07EA-8854-4FA0-9127-44B4A118BBF0}
		{CB78BDDF-7A0F-42CC-9C2F-384DCDDAB86D} = {8CAB07EA-8854-4FA0-9127-44B4A118BBF0}
	EndGlobalSection
	GlobalSection(ExtensibilityGlobals) = postSolution
		SolutionGuid = {FE3339C5-FFAD-4A8C-8F87-3632D2F801B7}
	EndGlobalSection
EndGlobal
